<?xml version="1.0" encoding="utf-8"?>
<Project ToolsVersion="4.0" xmlns="http://schemas.microsoft.com/developer/msbuild/2003">
  <ItemGroup>
    <Filter Include="C/C++ API">
      <UniqueIdentifier>{a205d096-7a11-480f-b1e1-b32d7e3a813a}</UniqueIdentifier>
    </Filter>
    <Filter Include="Source">
      <UniqueIdentifier>{0daf9d25-e163-432d-ad10-b2260da93f80}</UniqueIdentifier>
    </Filter>
    <Filter Include="Source\portable_archive">
      <UniqueIdentifier>{5117c870-4c20-477d-8446-0d653c65b9fd}</UniqueIdentifier>
    </Filter>
    <Filter Include="Source\pugixml">
      <UniqueIdentifier>{9f8500d6-86c1-4038-9a92-7ed8a5145c16}</UniqueIdentifier>
    </Filter>
    <Filter Include="Source\boost">
      <UniqueIdentifier>{71086150-5d89-4389-b96a-e4049b624f32}</UniqueIdentifier>
    </Filter>
    <Filter Include="Source\boost\chrono">
      <UniqueIdentifier>{6691cfe9-4b86-4965-acfc-5aee71ef12e1}</UniqueIdentifier>
    </Filter>
    <Filter Include="Source\boost\filesystem">
      <UniqueIdentifier>{f2f7658c-d306-45a0-ad39-8ba6b391bc72}</UniqueIdentifier>
    </Filter>
    <Filter Include="Source\boost\serialization">
      <UniqueIdentifier>{011bffd8-dfb8-4ea4-a914-34202c6a2e8b}</UniqueIdentifier>
    </Filter>
    <Filter Include="Source\boost\system">
      <UniqueIdentifier>{875f2341-cd08-4f41-832c-2b74dadd8a63}</UniqueIdentifier>
    </Filter>
    <Filter Include="Source\boost\thread">
      <UniqueIdentifier>{8161bbca-4a96-4f5e-ad00-ffcf6c4778c3}</UniqueIdentifier>
    </Filter>
    <Filter Include="Source\endian">
      <UniqueIdentifier>{334c4eb9-bc9a-4efb-bbaa-c7a74895e52f}</UniqueIdentifier>
    </Filter>
    <Filter Include="Source\endian\detail">
      <UniqueIdentifier>{be60ff00-be11-4d13-a562-09682501d4b2}</UniqueIdentifier>
    </Filter>
    <Filter Include="Source\legacy">
      <UniqueIdentifier>{1088df3f-c641-4732-8294-67ca1f9fc150}</UniqueIdentifier>
    </Filter>
    <Filter Include="Source\boost\thread\pthread">
      <UniqueIdentifier>{15db0327-5d37-4229-a6fe-1eff15025a4f}</UniqueIdentifier>
    </Filter>
  </ItemGroup>
  <ItemGroup>
    <ClInclude Include="..\..\..\include\lsl_c.h">
      <Filter>C/C++ API</Filter>
    </ClInclude>
    <ClInclude Include="..\..\..\include\lsl_cpp.h">
      <Filter>C/C++ API</Filter>
    </ClInclude>
    <ClInclude Include="..\..\..\LSL\liblsl\external\lslboost\thread\pthread\once.hpp" />
    <ClInclude Include="..\..\..\LSL\liblsl\external\lslboost\thread\pthread\once_atomic.hpp" />
    <ClInclude Include="..\..\..\LSL\liblsl\external\src\filesystem\src\windows_file_codecvt.hpp" />
    <ClInclude Include="..\..\..\LSL\liblsl\external\src\system\src\local_free_on_destruction.hpp" />
    <ClInclude Include="..\..\..\LSL\liblsl\src\api_config.h" />
    <ClInclude Include="..\..\..\LSL\liblsl\src\cancellable_streambuf.h" />
    <ClInclude Include="..\..\..\LSL\liblsl\src\cancellation.h" />
    <ClInclude Include="..\..\..\LSL\liblsl\src\common.h" />
    <ClInclude Include="..\..\..\LSL\liblsl\src\consumer_queue.h" />
    <ClInclude Include="..\..\..\LSL\liblsl\src\data_receiver.h" />
    <ClInclude Include="..\..\..\LSL\liblsl\src\endian\conversion.hpp" />
    <ClInclude Include="..\..\..\LSL\liblsl\src\endian\detail\intrinsic.hpp" />
    <ClInclude Include="..\..\..\LSL\liblsl\src\info_receiver.h" />
    <ClInclude Include="..\..\..\LSL\liblsl\src\inlet_connection.h" />
    <ClInclude Include="..\..\..\LSL\liblsl\src\legacy\legacy_abi.h" />
    <ClInclude Include="..\..\..\LSL\liblsl\src\portable_archive\portable_archive_exception.hpp" />
    <ClInclude Include="..\..\..\LSL\liblsl\src\portable_archive\portable_iarchive.hpp" />
    <ClInclude Include="..\..\..\LSL\liblsl\src\portable_archive\portable_oarchive.hpp" />
    <ClInclude Include="..\..\..\LSL\liblsl\src\pugixml\pugiconfig.hpp" />
    <ClInclude Include="..\..\..\LSL\liblsl\src\pugixml\pugixml.hpp" />
    <ClInclude Include="..\..\..\LSL\liblsl\src\resolver_impl.h" />
    <ClInclude Include="..\..\..\LSL\liblsl\src\resolve_attempt_udp.h" />
    <ClInclude Include="..\..\..\LSL\liblsl\src\sample.h" />
    <ClInclude Include="..\..\..\LSL\liblsl\src\send_buffer.h" />
    <ClInclude Include="..\..\..\LSL\liblsl\src\socket_utils.h" />
    <ClInclude Include="..\..\..\LSL\liblsl\src\stream_info_impl.h" />
    <ClInclude Include="..\..\..\LSL\liblsl\src\stream_inlet_impl.h" />
    <ClInclude Include="..\..\..\LSL\liblsl\src\stream_outlet_impl.h" />
    <ClInclude Include="..\..\..\LSL\liblsl\src\tcp_server.h" />
    <ClInclude Include="..\..\..\LSL\liblsl\src\time_receiver.h" />
    <ClInclude Include="..\..\..\LSL\liblsl\src\udp_server.h" />
  </ItemGroup>
  <ItemGroup>
    <ClCompile Include="..\..\..\liblsl\external\src\serialization\src\utf8_codecvt_facet.cpp" />
    <ClCompile Include="..\..\..\liblsl\external\src\filesystem\src\utf8_codecvt_facet.cpp" />
    <ClCompile Include="..\..\..\liblsl\src\lsl_continuous_resolver_c.cpp" />
    <ClCompile Include="..\..\..\liblsl\external\src\chrono\src\chrono.cpp" />
    <ClCompile Include="..\..\..\liblsl\external\src\filesystem\src\codecvt_error_category.cpp" />
    <ClCompile Include="..\..\..\liblsl\external\src\filesystem\src\operations.cpp" />
    <ClCompile Include="..\..\..\liblsl\external\src\filesystem\src\path.cpp" />
    <ClCompile Include="..\..\..\liblsl\external\src\filesystem\src\path_traits.cpp" />
    <ClCompile Include="..\..\..\liblsl\external\src\filesystem\src\portability.cpp" />
    <ClCompile Include="..\..\..\liblsl\external\src\filesystem\src\unique_path.cpp" />
    <ClCompile Include="..\..\..\liblsl\external\src\filesystem\src\windows_file_codecvt.cpp" />
    <ClCompile Include="..\..\..\liblsl\external\src\serialization\src\archive_exception.cpp" />
    <ClCompile Include="..\..\..\liblsl\external\src\serialization\src\basic_archive.cpp" />
    <ClCompile Include="..\..\..\liblsl\external\src\serialization\src\basic_iarchive.cpp" />
    <ClCompile Include="..\..\..\liblsl\external\src\serialization\src\basic_iserializer.cpp" />
    <ClCompile Include="..\..\..\liblsl\external\src\serialization\src\basic_oarchive.cpp" />
    <ClCompile Include="..\..\..\liblsl\external\src\serialization\src\basic_oserializer.cpp" />
    <ClCompile Include="..\..\..\liblsl\external\src\serialization\src\basic_pointer_iserializer.cpp" />
    <ClCompile Include="..\..\..\liblsl\external\src\serialization\src\basic_pointer_oserializer.cpp" />
    <ClCompile Include="..\..\..\liblsl\external\src\serialization\src\basic_serializer_map.cpp" />
    <ClCompile Include="..\..\..\liblsl\external\src\serialization\src\binary_iarchive.cpp" />
    <ClCompile Include="..\..\..\liblsl\external\src\serialization\src\binary_oarchive.cpp" />
    <ClCompile Include="..\..\..\liblsl\external\src\serialization\src\binary_wiarchive.cpp" />
    <ClCompile Include="..\..\..\liblsl\external\src\serialization\src\binary_woarchive.cpp" />
    <ClCompile Include="..\..\..\liblsl\external\src\serialization\src\codecvt_null.cpp" />
    <ClCompile Include="..\..\..\liblsl\external\src\serialization\src\extended_type_info.cpp" />
    <ClCompile Include="..\..\..\liblsl\external\src\serialization\src\extended_type_info_no_rtti.cpp" />
    <ClCompile Include="..\..\..\liblsl\external\src\serialization\src\extended_type_info_typeid.cpp" />
    <ClCompile Include="..\..\..\liblsl\external\src\serialization\src\polymorphic_iarchive.cpp" />
    <ClCompile Include="..\..\..\liblsl\external\src\serialization\src\polymorphic_oarchive.cpp" />
    <ClCompile Include="..\..\..\liblsl\external\src\serialization\src\shared_ptr_helper.cpp" />
    <ClCompile Include="..\..\..\liblsl\external\src\serialization\src\stl_port.cpp" />
    <ClCompile Include="..\..\..\liblsl\external\src\serialization\src\void_cast.cpp" />
    <ClCompile Include="..\..\..\liblsl\external\src\system\src\error_code.cpp" />
    <ClCompile Include="..\..\..\liblsl\external\src\thread\src\pthread\once.cpp" />
    <ClCompile Include="..\..\..\liblsl\external\src\thread\src\pthread\once_atomic.cpp" />
    <ClCompile Include="..\..\..\liblsl\external\src\thread\src\pthread\thread.cpp" />
    <ClCompile Include="..\..\..\liblsl\external\src\thread\src\tss_null.cpp" />
    <ClCompile Include="..\..\..\liblsl\src\api_config.cpp" />
    <ClCompile Include="..\..\..\liblsl\src\common.cpp" />
    <ClCompile Include="..\..\..\liblsl\src\consumer_queue.cpp" />
    <ClCompile Include="..\..\..\liblsl\src\data_receiver.cpp" />
    <ClCompile Include="..\..\..\liblsl\src\dllmain.cpp" />
    <ClCompile Include="..\..\..\liblsl\src\info_receiver.cpp" />
    <ClCompile Include="..\..\..\liblsl\src\inlet_connection.cpp" />
    <ClCompile Include="..\..\..\liblsl\src\legacy\legacy_abi.cpp" />
    <ClCompile Include="..\..\..\liblsl\src\lsl_freefuncs_c.cpp" />
    <ClCompile Include="..\..\..\liblsl\src\lsl_inlet_c.cpp" />
    <ClCompile Include="..\..\..\liblsl\src\lsl_outlet_c.cpp" />
    <ClCompile Include="..\..\..\liblsl\src\lsl_streaminfo_c.cpp" />
    <ClCompile Include="..\..\..\liblsl\src\lsl_xml_element_c.cpp" />
    <ClCompile Include="..\..\..\liblsl\src\pugixml\pugixml.cpp" />
    <ClCompile Include="..\..\..\liblsl\src\resolver_impl.cpp" />
    <ClCompile Include="..\..\..\liblsl\src\resolve_attempt_udp.cpp" />
    <ClCompile Include="..\..\..\liblsl\src\sample.cpp" />
    <ClCompile Include="..\..\..\liblsl\src\send_buffer.cpp" />
    <ClCompile Include="..\..\..\liblsl\src\socket_utils.cpp" />
    <ClCompile Include="..\..\..\liblsl\src\stream_info_impl.cpp" />
    <ClCompile Include="..\..\..\liblsl\src\stream_outlet_impl.cpp" />
    <ClCompile Include="..\..\..\liblsl\src\tcp_server.cpp" />
    <ClCompile Include="..\..\..\liblsl\src\time_postprocessor.cpp" />
    <ClCompile Include="..\..\..\liblsl\src\time_receiver.cpp" />
    <ClCompile Include="..\..\..\liblsl\src\udp_server.cpp" />
  </ItemGroup>
</Project>