<?xml version="1.0" encoding="UTF-8" standalone="yes" ?>
<CodeBlocks_project_file>
	<FileVersion major="1" minor="6" />
	<Project>
		<Option title="SendDataInChunks" />
		<Option pch_mode="2" />
		<Option compiler="gcc" />
		<Build>
			<Target title="Debug">
				<Option output="../../../bin/SendDataInChunks-linux-debug" prefix_auto="1" extension_auto="1" />
				<Option object_output="output/linux64/debug" />
				<Option type="1" />
				<Option compiler="gcc" />
				<Compiler>
					<Add option="-g" />
				</Compiler>
				<Linker>
					<Add library="liblsl64-debug" />
				</Linker>
			</Target>
			<Target title="Release">
				<Option output="../../../bin/SendDataInChunks-linux" prefix_auto="1" extension_auto="1" />
				<Option object_output="output/linux64/release" />
				<Option type="1" />
				<Option compiler="gcc" />
				<Compiler>
					<Add option="-O2" />
				</Compiler>
				<Linker>
					<Add option="-s" />
					<Add library="liblsl64" />
				</Linker>
			</Target>
		</Build>
		<Compiler>
			<Add option="-Wall" />
			<Add option="-fexceptions" />
		</Compiler>
		<Linker>
			<Add option="-Wl,-rpath,$LD_LIBRARY_PATH:$ORIGIN/" />
			<Add directory="../../../bin" />
		</Linker>
		<Unit filename="SendDataInChunks.cpp" />
		<Extensions>
			<code_completion />
			<debugger />
		</Extensions>
	</Project>
</CodeBlocks_project_file>
